{
  "name": "adventofcode",
  "version": "1.0.0",
  "lockfileVersion": 2,
  "requires": true,
  "packages": {
    "": {
      "name": "adventofcode",
      "version": "1.0.0",
      "devDependencies": {
        "@wordpress/prettier-config": "1.1.1",
        "prettier": "npm:wp-prettier@2.0.5"
      }
    },
    "node_modules/@wordpress/prettier-config": {
      "version": "1.1.1",
      "resolved": "https://registry.npmjs.org/@wordpress/prettier-config/-/prettier-config-1.1.1.tgz",
      "integrity": "sha512-qjpBK5KB2ieCLv+1fGNKRW4urf5tFN1eUn3Qy+JINxNwAx6Jj9uhfXA4AldCSnD+WkzsN2UgBvgAj5/SWwzRZQ==",
      "dev": true,
      "engines": {
        "node": ">=12"
      }
    },
    "node_modules/prettier": {
      "name": "wp-prettier",
      "version": "2.0.5",
      "resolved": "https://registry.npmjs.org/wp-prettier/-/wp-prettier-2.0.5.tgz",
      "integrity": "sha512-5GCgdeevIXwR3cW4Qj5XWC5MO1iSCz8+IPn0mMw6awAt/PBiey8yyO7MhePRsaMqghJAhg6Q3QLYWSnUHWkG6A==",
      "dev": true,
      "bin": {
        "prettier": "bin-prettier.js"
      },
      "engines": {
        "node": ">=10.13.0"
      }
    }
  },
  "dependencies": {
    "@wordpress/prettier-config": {
      "version": "1.1.1",
      "resolved": "https://registry.npmjs.org/@wordpress/prettier-config/-/prettier-config-1.1.1.tgz",
      "integrity": "sha512-qjpBK5KB2ieCLv+1fGNKRW4urf5tFN1eUn3Qy+JINxNwAx6Jj9uhfXA4AldCSnD+WkzsN2UgBvgAj5/SWwzRZQ==",
      "dev": true
    },
    "prettier": {
      "version": "npm:wp-prettier@2.0.5",
      "resolved": "https://registry.npmjs.org/wp-prettier/-/wp-prettier-2.0.5.tgz",
      "integrity": "sha512-5GCgdeevIXwR3cW4Qj5XWC5MO1iSCz8+IPn0mMw6awAt/PBiey8yyO7MhePRsaMqghJAhg6Q3QLYWSnUHWkG6A==",
      "dev": true
    }
  }
}
